// !$*UTF8*$!
{
	archiveVersion = 1;
	classes = {
	};
	objectVersion = 56;
	objects = {

/* Begin PBXBuildFile section */
		CE0B6B832B13A7D300367919 /* EscapingBootcamp.swift in Sources */ = {isa = PBXBuildFile; fileRef = CE0B6B822B13A7D300367919 /* EscapingBootcamp.swift */; };
		CE1214D92B14EFD800FAA025 /* CodableBootcamp.swift in Sources */ = {isa = PBXBuildFile; fileRef = CE1214D82B14EFD700FAA025 /* CodableBootcamp.swift */; };
		CE13B7B22B17B3760085CE3C /* PostsListBootcamp.swift in Sources */ = {isa = PBXBuildFile; fileRef = CE13B7B12B17B3760085CE3C /* PostsListBootcamp.swift */; };
		CE13B7B42B17B3940085CE3C /* PostsViewModel.swift in Sources */ = {isa = PBXBuildFile; fileRef = CE13B7B32B17B3940085CE3C /* PostsViewModel.swift */; };
		CE13B7B62B17B3A40085CE3C /* PostModel.swift in Sources */ = {isa = PBXBuildFile; fileRef = CE13B7B52B17B3A40085CE3C /* PostModel.swift */; };
		CE16E23E2B00DC3C004AFB40 /* NotificationsBootcamp.swift in Sources */ = {isa = PBXBuildFile; fileRef = CE16E23D2B00DC3C004AFB40 /* NotificationsBootcamp.swift */; };
		CE16E2402B00DC4B004AFB40 /* NotificationManager.swift in Sources */ = {isa = PBXBuildFile; fileRef = CE16E23F2B00DC4B004AFB40 /* NotificationManager.swift */; };
		CE22F6642AFD4D3D002023AA /* ScrollViewReaderBootcamp.swift in Sources */ = {isa = PBXBuildFile; fileRef = CE22F6632AFD4D3D002023AA /* ScrollViewReaderBootcamp.swift */; };
		CE22F6672AFD5402002023AA /* GeometryReaderBootcamp.swift in Sources */ = {isa = PBXBuildFile; fileRef = CE22F6662AFD5402002023AA /* GeometryReaderBootcamp.swift */; };
		CE22FEE62AFF8D5E00009C4B /* SoundsBootcamp.swift in Sources */ = {isa = PBXBuildFile; fileRef = CE22FEE52AFF8D5E00009C4B /* SoundsBootcamp.swift */; };
		CE22FEE92AFF8D8200009C4B /* SoundManager.swift in Sources */ = {isa = PBXBuildFile; fileRef = CE22FEE82AFF8D8200009C4B /* SoundManager.swift */; };
		CE22FEEF2AFF981D00009C4B /* HapticsBootcamp.swift in Sources */ = {isa = PBXBuildFile; fileRef = CE22FEEE2AFF981D00009C4B /* HapticsBootcamp.swift */; };
		CE27D11D2B0DFB1400D94054 /* DepartmentsView.swift in Sources */ = {isa = PBXBuildFile; fileRef = CE27D11C2B0DFB1400D94054 /* DepartmentsView.swift */; };
		CE27D11F2B0DFB3600D94054 /* EmployeesView.swift in Sources */ = {isa = PBXBuildFile; fileRef = CE27D11E2B0DFB3500D94054 /* EmployeesView.swift */; };
		CE315AD22B127D0B000A916D /* WeakSelfBootcamp.swift in Sources */ = {isa = PBXBuildFile; fileRef = CE315AD12B127D0B000A916D /* WeakSelfBootcamp.swift */; };
		CE315AD42B127D1C000A916D /* WeakSelfViewModel.swift in Sources */ = {isa = PBXBuildFile; fileRef = CE315AD32B127D1C000A916D /* WeakSelfViewModel.swift */; };
		CE3315372AFE671000DB5E0F /* MultipleSheetsBootcamp.swift in Sources */ = {isa = PBXBuildFile; fileRef = CE3315362AFE671000DB5E0F /* MultipleSheetsBootcamp.swift */; };
		CE3315392AFE6F6D00DB5E0F /* MaskBootcamp.swift in Sources */ = {isa = PBXBuildFile; fileRef = CE3315382AFE6F6D00DB5E0F /* MaskBootcamp.swift */; };
		CE46F1282AFAD5F1002B04E3 /* MagnificationGestureBootcamp.swift in Sources */ = {isa = PBXBuildFile; fileRef = CE46F1272AFAD5F1002B04E3 /* MagnificationGestureBootcamp.swift */; };
		CE47AAF72AF9547A00D9BD7E /* SwiftUI_Bootcamp_2App.swift in Sources */ = {isa = PBXBuildFile; fileRef = CE47AAF62AF9547A00D9BD7E /* SwiftUI_Bootcamp_2App.swift */; };
		CE47AAFE2AF9547A00D9BD7E /* ContentView.swift in Sources */ = {isa = PBXBuildFile; fileRef = CE47AAFD2AF9547A00D9BD7E /* ContentView.swift */; };
		CE47AB002AF9547B00D9BD7E /* Assets.xcassets in Resources */ = {isa = PBXBuildFile; fileRef = CE47AAFF2AF9547B00D9BD7E /* Assets.xcassets */; };
		CE47AB042AF9547B00D9BD7E /* Preview Assets.xcassets in Resources */ = {isa = PBXBuildFile; fileRef = CE47AB032AF9547B00D9BD7E /* Preview Assets.xcassets */; };
		CE47AB0B2AF955B500D9BD7E /* LongPressGestureBootcamp.swift in Sources */ = {isa = PBXBuildFile; fileRef = CE47AB0A2AF955B500D9BD7E /* LongPressGestureBootcamp.swift */; };
		CE4AE8D72B134FF70063CE24 /* TypealiesBootcamp.swift in Sources */ = {isa = PBXBuildFile; fileRef = CE4AE8D62B134FF70063CE24 /* TypealiesBootcamp.swift */; };
		CE52D3632AFBE39400F9AFF4 /* RotationGestureBootcamp.swift in Sources */ = {isa = PBXBuildFile; fileRef = CE52D3622AFBE39400F9AFF4 /* RotationGestureBootcamp.swift */; };
		CE52D3652AFBE66E00F9AFF4 /* DragGestureBootcamp.swift in Sources */ = {isa = PBXBuildFile; fileRef = CE52D3642AFBE66E00F9AFF4 /* DragGestureBootcamp.swift */; };
		CEA1C0BF2B06A4EC0096900E /* CoreDataBootcamp.swift in Sources */ = {isa = PBXBuildFile; fileRef = CEA1C0BE2B06A4EC0096900E /* CoreDataBootcamp.swift */; };
		CEA1C0C12B06A4FD0096900E /* CoreDataViewModel.swift in Sources */ = {isa = PBXBuildFile; fileRef = CEA1C0C02B06A4FD0096900E /* CoreDataViewModel.swift */; };
		CEA1C0C42B06A5100096900E /* DataModel.xcdatamodeld in Sources */ = {isa = PBXBuildFile; fileRef = CEA1C0C22B06A5100096900E /* DataModel.xcdatamodeld */; };
		CEA83AEA2B0D2DC2009BE024 /* BusinessesView.swift in Sources */ = {isa = PBXBuildFile; fileRef = CEA83AE92B0D2DC2009BE024 /* BusinessesView.swift */; };
		CECA53BC2B1113BA00F84CCF /* BackgroundThreadBootcamp.swift in Sources */ = {isa = PBXBuildFile; fileRef = CECA53BB2B1113BA00F84CCF /* BackgroundThreadBootcamp.swift */; };
		CECA53BE2B1113DA00F84CCF /* BackgroundThreadViewModel.swift in Sources */ = {isa = PBXBuildFile; fileRef = CECA53BD2B1113DA00F84CCF /* BackgroundThreadViewModel.swift */; };
		CECD002D2B02283000A8F020 /* HashableBootcamp.swift in Sources */ = {isa = PBXBuildFile; fileRef = CECD002C2B02283000A8F020 /* HashableBootcamp.swift */; };
		CECD002F2B026D3B00A8F020 /* ArrayBootcamp.swift in Sources */ = {isa = PBXBuildFile; fileRef = CECD002E2B026D3B00A8F020 /* ArrayBootcamp.swift */; };
		CEE782312B0D23F900A60DE9 /* notification.wav in Resources */ = {isa = PBXBuildFile; fileRef = CEE782302B0D23F900A60DE9 /* notification.wav */; };
		CEE782352B0D245D00A60DE9 /* gameover.wav in Resources */ = {isa = PBXBuildFile; fileRef = CEE782342B0D245D00A60DE9 /* gameover.wav */; };
		CEE782382B0D24DD00A60DE9 /* CoreDataManager.swift in Sources */ = {isa = PBXBuildFile; fileRef = CEE782372B0D24DD00A60DE9 /* CoreDataManager.swift */; };
		CEE7823A2B0D24EA00A60DE9 /* CoreDataRelationship.swift in Sources */ = {isa = PBXBuildFile; fileRef = CEE782392B0D24EA00A60DE9 /* CoreDataRelationship.swift */; };
		CEE7823F2B0D257500A60DE9 /* CoreDataRelationship.xcdatamodeld in Sources */ = {isa = PBXBuildFile; fileRef = CEE7823D2B0D257500A60DE9 /* CoreDataRelationship.xcdatamodeld */; };
		CEE782412B0D284700A60DE9 /* RelationshipViewModel.swift in Sources */ = {isa = PBXBuildFile; fileRef = CEE782402B0D284700A60DE9 /* RelationshipViewModel.swift */; };
/* End PBXBuildFile section */

/* Begin PBXFileReference section */
		CE0B6B822B13A7D300367919 /* EscapingBootcamp.swift */ = {isa = PBXFileReference; lastKnownFileType = sourcecode.swift; path = EscapingBootcamp.swift; sourceTree = "<group>"; };
		CE1214D82B14EFD700FAA025 /* CodableBootcamp.swift */ = {isa = PBXFileReference; lastKnownFileType = sourcecode.swift; path = CodableBootcamp.swift; sourceTree = "<group>"; };
		CE13B7B12B17B3760085CE3C /* PostsListBootcamp.swift */ = {isa = PBXFileReference; lastKnownFileType = sourcecode.swift; path = PostsListBootcamp.swift; sourceTree = "<group>"; };
		CE13B7B32B17B3940085CE3C /* PostsViewModel.swift */ = {isa = PBXFileReference; lastKnownFileType = sourcecode.swift; path = PostsViewModel.swift; sourceTree = "<group>"; };
		CE13B7B52B17B3A40085CE3C /* PostModel.swift */ = {isa = PBXFileReference; lastKnownFileType = sourcecode.swift; path = PostModel.swift; sourceTree = "<group>"; };
		CE16E23D2B00DC3C004AFB40 /* NotificationsBootcamp.swift */ = {isa = PBXFileReference; lastKnownFileType = sourcecode.swift; path = NotificationsBootcamp.swift; sourceTree = "<group>"; };
		CE16E23F2B00DC4B004AFB40 /* NotificationManager.swift */ = {isa = PBXFileReference; lastKnownFileType = sourcecode.swift; path = NotificationManager.swift; sourceTree = "<group>"; };
		CE22F6632AFD4D3D002023AA /* ScrollViewReaderBootcamp.swift */ = {isa = PBXFileReference; lastKnownFileType = sourcecode.swift; path = ScrollViewReaderBootcamp.swift; sourceTree = "<group>"; };
		CE22F6662AFD5402002023AA /* GeometryReaderBootcamp.swift */ = {isa = PBXFileReference; lastKnownFileType = sourcecode.swift; path = GeometryReaderBootcamp.swift; sourceTree = "<group>"; };
		CE22FEE52AFF8D5E00009C4B /* SoundsBootcamp.swift */ = {isa = PBXFileReference; lastKnownFileType = sourcecode.swift; path = SoundsBootcamp.swift; sourceTree = "<group>"; };
		CE22FEE82AFF8D8200009C4B /* SoundManager.swift */ = {isa = PBXFileReference; lastKnownFileType = sourcecode.swift; path = SoundManager.swift; sourceTree = "<group>"; };
		CE22FEEE2AFF981D00009C4B /* HapticsBootcamp.swift */ = {isa = PBXFileReference; lastKnownFileType = sourcecode.swift; path = HapticsBootcamp.swift; sourceTree = "<group>"; };
		CE27D11C2B0DFB1400D94054 /* DepartmentsView.swift */ = {isa = PBXFileReference; lastKnownFileType = sourcecode.swift; path = DepartmentsView.swift; sourceTree = "<group>"; };
		CE27D11E2B0DFB3500D94054 /* EmployeesView.swift */ = {isa = PBXFileReference; lastKnownFileType = sourcecode.swift; path = EmployeesView.swift; sourceTree = "<group>"; };
		CE315AD12B127D0B000A916D /* WeakSelfBootcamp.swift */ = {isa = PBXFileReference; lastKnownFileType = sourcecode.swift; path = WeakSelfBootcamp.swift; sourceTree = "<group>"; };
		CE315AD32B127D1C000A916D /* WeakSelfViewModel.swift */ = {isa = PBXFileReference; lastKnownFileType = sourcecode.swift; path = WeakSelfViewModel.swift; sourceTree = "<group>"; };
		CE3315362AFE671000DB5E0F /* MultipleSheetsBootcamp.swift */ = {isa = PBXFileReference; lastKnownFileType = sourcecode.swift; path = MultipleSheetsBootcamp.swift; sourceTree = "<group>"; };
		CE3315382AFE6F6D00DB5E0F /* MaskBootcamp.swift */ = {isa = PBXFileReference; lastKnownFileType = sourcecode.swift; path = MaskBootcamp.swift; sourceTree = "<group>"; };
		CE46F1272AFAD5F1002B04E3 /* MagnificationGestureBootcamp.swift */ = {isa = PBXFileReference; lastKnownFileType = sourcecode.swift; path = MagnificationGestureBootcamp.swift; sourceTree = "<group>"; };
		CE47AAF32AF9547A00D9BD7E /* SwiftUI-Bootcamp-2.app */ = {isa = PBXFileReference; explicitFileType = wrapper.application; includeInIndex = 0; path = "SwiftUI-Bootcamp-2.app"; sourceTree = BUILT_PRODUCTS_DIR; };
		CE47AAF62AF9547A00D9BD7E /* SwiftUI_Bootcamp_2App.swift */ = {isa = PBXFileReference; lastKnownFileType = sourcecode.swift; path = SwiftUI_Bootcamp_2App.swift; sourceTree = "<group>"; };
		CE47AAFD2AF9547A00D9BD7E /* ContentView.swift */ = {isa = PBXFileReference; lastKnownFileType = sourcecode.swift; path = ContentView.swift; sourceTree = "<group>"; };
		CE47AAFF2AF9547B00D9BD7E /* Assets.xcassets */ = {isa = PBXFileReference; lastKnownFileType = folder.assetcatalog; path = Assets.xcassets; sourceTree = "<group>"; };
		CE47AB012AF9547B00D9BD7E /* SwiftUI_Bootcamp_2.entitlements */ = {isa = PBXFileReference; lastKnownFileType = text.plist.entitlements; path = SwiftUI_Bootcamp_2.entitlements; sourceTree = "<group>"; };
		CE47AB032AF9547B00D9BD7E /* Preview Assets.xcassets */ = {isa = PBXFileReference; lastKnownFileType = folder.assetcatalog; path = "Preview Assets.xcassets"; sourceTree = "<group>"; };
		CE47AB0A2AF955B500D9BD7E /* LongPressGestureBootcamp.swift */ = {isa = PBXFileReference; lastKnownFileType = sourcecode.swift; path = LongPressGestureBootcamp.swift; sourceTree = "<group>"; };
		CE4AE8D62B134FF70063CE24 /* TypealiesBootcamp.swift */ = {isa = PBXFileReference; lastKnownFileType = sourcecode.swift; path = TypealiesBootcamp.swift; sourceTree = "<group>"; };
		CE52D3622AFBE39400F9AFF4 /* RotationGestureBootcamp.swift */ = {isa = PBXFileReference; lastKnownFileType = sourcecode.swift; path = RotationGestureBootcamp.swift; sourceTree = "<group>"; };
		CE52D3642AFBE66E00F9AFF4 /* DragGestureBootcamp.swift */ = {isa = PBXFileReference; lastKnownFileType = sourcecode.swift; path = DragGestureBootcamp.swift; sourceTree = "<group>"; };
		CEA1C0BE2B06A4EC0096900E /* CoreDataBootcamp.swift */ = {isa = PBXFileReference; lastKnownFileType = sourcecode.swift; path = CoreDataBootcamp.swift; sourceTree = "<group>"; };
		CEA1C0C02B06A4FD0096900E /* CoreDataViewModel.swift */ = {isa = PBXFileReference; lastKnownFileType = sourcecode.swift; path = CoreDataViewModel.swift; sourceTree = "<group>"; };
		CEA1C0C32B06A5100096900E /* DataModel.xcdatamodel */ = {isa = PBXFileReference; lastKnownFileType = wrapper.xcdatamodel; path = DataModel.xcdatamodel; sourceTree = "<group>"; };
		CEA83AE92B0D2DC2009BE024 /* BusinessesView.swift */ = {isa = PBXFileReference; lastKnownFileType = sourcecode.swift; path = BusinessesView.swift; sourceTree = "<group>"; };
		CECA53BB2B1113BA00F84CCF /* BackgroundThreadBootcamp.swift */ = {isa = PBXFileReference; lastKnownFileType = sourcecode.swift; path = BackgroundThreadBootcamp.swift; sourceTree = "<group>"; };
		CECA53BD2B1113DA00F84CCF /* BackgroundThreadViewModel.swift */ = {isa = PBXFileReference; lastKnownFileType = sourcecode.swift; path = BackgroundThreadViewModel.swift; sourceTree = "<group>"; };
		CECD002C2B02283000A8F020 /* HashableBootcamp.swift */ = {isa = PBXFileReference; lastKnownFileType = sourcecode.swift; path = HashableBootcamp.swift; sourceTree = "<group>"; };
		CECD002E2B026D3B00A8F020 /* ArrayBootcamp.swift */ = {isa = PBXFileReference; lastKnownFileType = sourcecode.swift; path = ArrayBootcamp.swift; sourceTree = "<group>"; };
		CEE782302B0D23F900A60DE9 /* notification.wav */ = {isa = PBXFileReference; lastKnownFileType = audio.wav; name = notification.wav; path = "../../../../../../../../Music/Music/Media.localized/Music/Unknown Artist/Unknown Album/notification.wav"; sourceTree = "<group>"; };
		CEE782342B0D245D00A60DE9 /* gameover.wav */ = {isa = PBXFileReference; lastKnownFileType = audio.wav; name = gameover.wav; path = "../../../../../../../../Music/Music/Media.localized/Music/Unknown Artist/Unknown Album/gameover.wav"; sourceTree = "<group>"; };
		CEE782372B0D24DD00A60DE9 /* CoreDataManager.swift */ = {isa = PBXFileReference; lastKnownFileType = sourcecode.swift; path = CoreDataManager.swift; sourceTree = "<group>"; };
		CEE782392B0D24EA00A60DE9 /* CoreDataRelationship.swift */ = {isa = PBXFileReference; lastKnownFileType = sourcecode.swift; path = CoreDataRelationship.swift; sourceTree = "<group>"; };
		CEE7823E2B0D257500A60DE9 /* CoreDataRelationship.xcdatamodel */ = {isa = PBXFileReference; lastKnownFileType = wrapper.xcdatamodel; path = CoreDataRelationship.xcdatamodel; sourceTree = "<group>"; };
		CEE782402B0D284700A60DE9 /* RelationshipViewModel.swift */ = {isa = PBXFileReference; lastKnownFileType = sourcecode.swift; path = RelationshipViewModel.swift; sourceTree = "<group>"; };
/* End PBXFileReference section */

/* Begin PBXFrameworksBuildPhase section */
		CE47AAF02AF9547A00D9BD7E /* Frameworks */ = {
			isa = PBXFrameworksBuildPhase;
			buildActionMask = 2147483647;
			files = (
			);
			runOnlyForDeploymentPostprocessing = 0;
		};
/* End PBXFrameworksBuildPhase section */

/* Begin PBXGroup section */
		CE13B7B02B17B3420085CE3C /* API */ = {
			isa = PBXGroup;
			children = (
				CE13B7B12B17B3760085CE3C /* PostsListBootcamp.swift */,
				CE13B7B32B17B3940085CE3C /* PostsViewModel.swift */,
				CE13B7B52B17B3A40085CE3C /* PostModel.swift */,
			);
			path = API;
			sourceTree = "<group>";
		};
		CE16E23C2B00DC1E004AFB40 /* Notifications */ = {
			isa = PBXGroup;
			children = (
				CE16E23D2B00DC3C004AFB40 /* NotificationsBootcamp.swift */,
				CE16E23F2B00DC4B004AFB40 /* NotificationManager.swift */,
			);
			path = Notifications;
			sourceTree = "<group>";
		};
		CE22F6652AFD53D9002023AA /* Readers */ = {
			isa = PBXGroup;
			children = (
				CE22F6632AFD4D3D002023AA /* ScrollViewReaderBootcamp.swift */,
				CE22F6662AFD5402002023AA /* GeometryReaderBootcamp.swift */,
			);
			path = Readers;
			sourceTree = "<group>";
		};
		CE22FEE42AFF8D3900009C4B /* AVKit */ = {
			isa = PBXGroup;
			children = (
				CE22FEE52AFF8D5E00009C4B /* SoundsBootcamp.swift */,
				CE22FEE82AFF8D8200009C4B /* SoundManager.swift */,
				CE22FEE72AFF8D6200009C4B /* Sounds */,
			);
			path = AVKit;
			sourceTree = "<group>";
		};
		CE22FEE72AFF8D6200009C4B /* Sounds */ = {
			isa = PBXGroup;
			children = (
				CEE782342B0D245D00A60DE9 /* gameover.wav */,
				CEE782302B0D23F900A60DE9 /* notification.wav */,
			);
			path = Sounds;
			sourceTree = "<group>";
		};
		CE315AD02B127CF5000A916D /* WeakSelf */ = {
			isa = PBXGroup;
			children = (
				CE315AD12B127D0B000A916D /* WeakSelfBootcamp.swift */,
				CE315AD32B127D1C000A916D /* WeakSelfViewModel.swift */,
			);
			path = WeakSelf;
			sourceTree = "<group>";
		};
		CE3315352AFE66EA00DB5E0F /* Others */ = {
			isa = PBXGroup;
			children = (
				CE3315362AFE671000DB5E0F /* MultipleSheetsBootcamp.swift */,
				CE3315382AFE6F6D00DB5E0F /* MaskBootcamp.swift */,
				CE22FEEE2AFF981D00009C4B /* HapticsBootcamp.swift */,
				CECD002C2B02283000A8F020 /* HashableBootcamp.swift */,
				CECD002E2B026D3B00A8F020 /* ArrayBootcamp.swift */,
				CE4AE8D62B134FF70063CE24 /* TypealiesBootcamp.swift */,
				CE0B6B822B13A7D300367919 /* EscapingBootcamp.swift */,
				CE1214D82B14EFD700FAA025 /* CodableBootcamp.swift */,
			);
			path = Others;
			sourceTree = "<group>";
		};
		CE46F1292AFAD5F6002B04E3 /* Gestures */ = {
			isa = PBXGroup;
			children = (
				CE47AB0A2AF955B500D9BD7E /* LongPressGestureBootcamp.swift */,
				CE46F1272AFAD5F1002B04E3 /* MagnificationGestureBootcamp.swift */,
				CE52D3622AFBE39400F9AFF4 /* RotationGestureBootcamp.swift */,
				CE52D3642AFBE66E00F9AFF4 /* DragGestureBootcamp.swift */,
			);
			path = Gestures;
			sourceTree = "<group>";
		};
		CE47AAEA2AF9547A00D9BD7E = {
			isa = PBXGroup;
			children = (
				CE47AAF52AF9547A00D9BD7E /* SwiftUI-Bootcamp-2 */,
				CE47AAF42AF9547A00D9BD7E /* Products */,
			);
			sourceTree = "<group>";
		};
		CE47AAF42AF9547A00D9BD7E /* Products */ = {
			isa = PBXGroup;
			children = (
				CE47AAF32AF9547A00D9BD7E /* SwiftUI-Bootcamp-2.app */,
			);
			name = Products;
			sourceTree = "<group>";
		};
		CE47AAF52AF9547A00D9BD7E /* SwiftUI-Bootcamp-2 */ = {
			isa = PBXGroup;
			children = (
				CE47AAF62AF9547A00D9BD7E /* SwiftUI_Bootcamp_2App.swift */,
				CE47AAFD2AF9547A00D9BD7E /* ContentView.swift */,
				CE46F1292AFAD5F6002B04E3 /* Gestures */,
				CE22F6652AFD53D9002023AA /* Readers */,
				CE3315352AFE66EA00DB5E0F /* Others */,
				CE22FEE42AFF8D3900009C4B /* AVKit */,
				CE16E23C2B00DC1E004AFB40 /* Notifications */,
				CEA1C0BD2B06A4D70096900E /* CoreData */,
				CEE782362B0D24BC00A60DE9 /* CoreDataRelationship */,
				CECA53BA2B11138600F84CCF /* Threads */,
				CE315AD02B127CF5000A916D /* WeakSelf */,
				CE13B7B02B17B3420085CE3C /* API */,
				CE47AAFF2AF9547B00D9BD7E /* Assets.xcassets */,
				CE47AB012AF9547B00D9BD7E /* SwiftUI_Bootcamp_2.entitlements */,
				CE47AB022AF9547B00D9BD7E /* Preview Content */,
			);
			path = "SwiftUI-Bootcamp-2";
			sourceTree = "<group>";
		};
		CE47AB022AF9547B00D9BD7E /* Preview Content */ = {
			isa = PBXGroup;
			children = (
				CE47AB032AF9547B00D9BD7E /* Preview Assets.xcassets */,
			);
			path = "Preview Content";
			sourceTree = "<group>";
		};
		CEA1C0BD2B06A4D70096900E /* CoreData */ = {
			isa = PBXGroup;
			children = (
				CEA1C0BE2B06A4EC0096900E /* CoreDataBootcamp.swift */,
				CEA1C0C02B06A4FD0096900E /* CoreDataViewModel.swift */,
				CEA1C0C22B06A5100096900E /* DataModel.xcdatamodeld */,
			);
			path = CoreData;
			sourceTree = "<group>";
		};
		CEA83AE82B0D2DAF009BE024 /* Views */ = {
			isa = PBXGroup;
			children = (
				CEA83AE92B0D2DC2009BE024 /* BusinessesView.swift */,
				CE27D11C2B0DFB1400D94054 /* DepartmentsView.swift */,
				CE27D11E2B0DFB3500D94054 /* EmployeesView.swift */,
			);
			path = Views;
			sourceTree = "<group>";
		};
		CECA53BA2B11138600F84CCF /* Threads */ = {
			isa = PBXGroup;
			children = (
				CECA53BB2B1113BA00F84CCF /* BackgroundThreadBootcamp.swift */,
				CECA53BD2B1113DA00F84CCF /* BackgroundThreadViewModel.swift */,
			);
			path = Threads;
			sourceTree = "<group>";
		};
		CEE782362B0D24BC00A60DE9 /* CoreDataRelationship */ = {
			isa = PBXGroup;
			children = (
				CEE782372B0D24DD00A60DE9 /* CoreDataManager.swift */,
				CEE782392B0D24EA00A60DE9 /* CoreDataRelationship.swift */,
				CEE782402B0D284700A60DE9 /* RelationshipViewModel.swift */,
				CEA83AE82B0D2DAF009BE024 /* Views */,
				CEE7823D2B0D257500A60DE9 /* CoreDataRelationship.xcdatamodeld */,
			);
			path = CoreDataRelationship;
			sourceTree = "<group>";
		};
/* End PBXGroup section */

/* Begin PBXNativeTarget section */
		CE47AAF22AF9547A00D9BD7E /* SwiftUI-Bootcamp-2 */ = {
			isa = PBXNativeTarget;
			buildConfigurationList = CE47AB072AF9547B00D9BD7E /* Build configuration list for PBXNativeTarget "SwiftUI-Bootcamp-2" */;
			buildPhases = (
				CE47AAEF2AF9547A00D9BD7E /* Sources */,
				CE47AAF02AF9547A00D9BD7E /* Frameworks */,
				CE47AAF12AF9547A00D9BD7E /* Resources */,
			);
			buildRules = (
			);
			dependencies = (
			);
			name = "SwiftUI-Bootcamp-2";
			productName = "SwiftUI-Bootcamp-2";
			productReference = CE47AAF32AF9547A00D9BD7E /* SwiftUI-Bootcamp-2.app */;
			productType = "com.apple.product-type.application";
		};
/* End PBXNativeTarget section */

/* Begin PBXProject section */
		CE47AAEB2AF9547A00D9BD7E /* Project object */ = {
			isa = PBXProject;
			attributes = {
				BuildIndependentTargetsInParallel = 1;
				LastSwiftUpdateCheck = 1500;
				LastUpgradeCheck = 1500;
				TargetAttributes = {
					CE47AAF22AF9547A00D9BD7E = {
						CreatedOnToolsVersion = 15.0.1;
					};
				};
			};
			buildConfigurationList = CE47AAEE2AF9547A00D9BD7E /* Build configuration list for PBXProject "SwiftUI-Bootcamp-2" */;
			compatibilityVersion = "Xcode 14.0";
			developmentRegion = en;
			hasScannedForEncodings = 0;
			knownRegions = (
				en,
				Base,
			);
			mainGroup = CE47AAEA2AF9547A00D9BD7E;
			productRefGroup = CE47AAF42AF9547A00D9BD7E /* Products */;
			projectDirPath = "";
			projectRoot = "";
			targets = (
				CE47AAF22AF9547A00D9BD7E /* SwiftUI-Bootcamp-2 */,
			);
		};
/* End PBXProject section */

/* Begin PBXResourcesBuildPhase section */
		CE47AAF12AF9547A00D9BD7E /* Resources */ = {
			isa = PBXResourcesBuildPhase;
			buildActionMask = 2147483647;
			files = (
				CEE782312B0D23F900A60DE9 /* notification.wav in Resources */,
				CE47AB042AF9547B00D9BD7E /* Preview Assets.xcassets in Resources */,
				CEE782352B0D245D00A60DE9 /* gameover.wav in Resources */,
				CE47AB002AF9547B00D9BD7E /* Assets.xcassets in Resources */,
			);
			runOnlyForDeploymentPostprocessing = 0;
		};
/* End PBXResourcesBuildPhase section */

/* Begin PBXSourcesBuildPhase section */
		CE47AAEF2AF9547A00D9BD7E /* Sources */ = {
			isa = PBXSourcesBuildPhase;
			buildActionMask = 2147483647;
			files = (
				CE22F6642AFD4D3D002023AA /* ScrollViewReaderBootcamp.swift in Sources */,
				CEA1C0C42B06A5100096900E /* DataModel.xcdatamodeld in Sources */,
				CEE7823F2B0D257500A60DE9 /* CoreDataRelationship.xcdatamodeld in Sources */,
				CEA1C0C12B06A4FD0096900E /* CoreDataViewModel.swift in Sources */,
				CE16E2402B00DC4B004AFB40 /* NotificationManager.swift in Sources */,
				CEE7823A2B0D24EA00A60DE9 /* CoreDataRelationship.swift in Sources */,
				CE27D11D2B0DFB1400D94054 /* DepartmentsView.swift in Sources */,
				CE46F1282AFAD5F1002B04E3 /* MagnificationGestureBootcamp.swift in Sources */,
				CE3315372AFE671000DB5E0F /* MultipleSheetsBootcamp.swift in Sources */,
				CE22FEE62AFF8D5E00009C4B /* SoundsBootcamp.swift in Sources */,
				CECA53BC2B1113BA00F84CCF /* BackgroundThreadBootcamp.swift in Sources */,
				CE47AAF72AF9547A00D9BD7E /* SwiftUI_Bootcamp_2App.swift in Sources */,
				CE0B6B832B13A7D300367919 /* EscapingBootcamp.swift in Sources */,
				CECD002D2B02283000A8F020 /* HashableBootcamp.swift in Sources */,
				CE16E23E2B00DC3C004AFB40 /* NotificationsBootcamp.swift in Sources */,
				CEE782412B0D284700A60DE9 /* RelationshipViewModel.swift in Sources */,
				CE22FEE92AFF8D8200009C4B /* SoundManager.swift in Sources */,
				CE22FEEF2AFF981D00009C4B /* HapticsBootcamp.swift in Sources */,
				CEE782382B0D24DD00A60DE9 /* CoreDataManager.swift in Sources */,
				CE1214D92B14EFD800FAA025 /* CodableBootcamp.swift in Sources */,
				CE47AAFE2AF9547A00D9BD7E /* ContentView.swift in Sources */,
				CECD002F2B026D3B00A8F020 /* ArrayBootcamp.swift in Sources */,
				CE52D3632AFBE39400F9AFF4 /* RotationGestureBootcamp.swift in Sources */,
				CECA53BE2B1113DA00F84CCF /* BackgroundThreadViewModel.swift in Sources */,
				CE27D11F2B0DFB3600D94054 /* EmployeesView.swift in Sources */,
				CE4AE8D72B134FF70063CE24 /* TypealiesBootcamp.swift in Sources */,
				CEA1C0BF2B06A4EC0096900E /* CoreDataBootcamp.swift in Sources */,
				CE315AD22B127D0B000A916D /* WeakSelfBootcamp.swift in Sources */,
				CE52D3652AFBE66E00F9AFF4 /* DragGestureBootcamp.swift in Sources */,
				CE13B7B22B17B3760085CE3C /* PostsListBootcamp.swift in Sources */,
				CEA83AEA2B0D2DC2009BE024 /* BusinessesView.swift in Sources */,
				CE315AD42B127D1C000A916D /* WeakSelfViewModel.swift in Sources */,
				CE13B7B42B17B3940085CE3C /* PostsViewModel.swift in Sources */,
				CE47AB0B2AF955B500D9BD7E /* LongPressGestureBootcamp.swift in Sources */,
				CE3315392AFE6F6D00DB5E0F /* MaskBootcamp.swift in Sources */,
				CE22F6672AFD5402002023AA /* GeometryReaderBootcamp.swift in Sources */,
				CE13B7B62B17B3A40085CE3C /* PostModel.swift in Sources */,
			);
			runOnlyForDeploymentPostprocessing = 0;
		};
/* End PBXSourcesBuildPhase section */

/* Begin XCBuildConfiguration section */
		CE47AB052AF9547B00D9BD7E /* Debug */ = {
			isa = XCBuildConfiguration;
			buildSettings = {
				ALWAYS_SEARCH_USER_PATHS = NO;
				ASSETCATALOG_COMPILER_GENERATE_SWIFT_ASSET_SYMBOL_EXTENSIONS = YES;
				CLANG_ANALYZER_NONNULL = YES;
				CLANG_ANALYZER_NUMBER_OBJECT_CONVERSION = YES_AGGRESSIVE;
				CLANG_CXX_LANGUAGE_STANDARD = "gnu++20";
				CLANG_ENABLE_MODULES = YES;
				CLANG_ENABLE_OBJC_ARC = YES;
				CLANG_ENABLE_OBJC_WEAK = YES;
				CLANG_WARN_BLOCK_CAPTURE_AUTORELEASING = YES;
				CLANG_WARN_BOOL_CONVERSION = YES;
				CLANG_WARN_COMMA = YES;
				CLANG_WARN_CONSTANT_CONVERSION = YES;
				CLANG_WARN_DEPRECATED_OBJC_IMPLEMENTATIONS = YES;
				CLANG_WARN_DIRECT_OBJC_ISA_USAGE = YES_ERROR;
				CLANG_WARN_DOCUMENTATION_COMMENTS = YES;
				CLANG_WARN_EMPTY_BODY = YES;
				CLANG_WARN_ENUM_CONVERSION = YES;
				CLANG_WARN_INFINITE_RECURSION = YES;
				CLANG_WARN_INT_CONVERSION = YES;
				CLANG_WARN_NON_LITERAL_NULL_CONVERSION = YES;
				CLANG_WARN_OBJC_IMPLICIT_RETAIN_SELF = YES;
				CLANG_WARN_OBJC_LITERAL_CONVERSION = YES;
				CLANG_WARN_OBJC_ROOT_CLASS = YES_ERROR;
				CLANG_WARN_QUOTED_INCLUDE_IN_FRAMEWORK_HEADER = YES;
				CLANG_WARN_RANGE_LOOP_ANALYSIS = YES;
				CLANG_WARN_STRICT_PROTOTYPES = YES;
				CLANG_WARN_SUSPICIOUS_MOVE = YES;
				CLANG_WARN_UNGUARDED_AVAILABILITY = YES_AGGRESSIVE;
				CLANG_WARN_UNREACHABLE_CODE = YES;
				CLANG_WARN__DUPLICATE_METHOD_MATCH = YES;
				COPY_PHASE_STRIP = NO;
				DEBUG_INFORMATION_FORMAT = dwarf;
				ENABLE_STRICT_OBJC_MSGSEND = YES;
				ENABLE_TESTABILITY = YES;
				ENABLE_USER_SCRIPT_SANDBOXING = YES;
				GCC_C_LANGUAGE_STANDARD = gnu17;
				GCC_DYNAMIC_NO_PIC = NO;
				GCC_NO_COMMON_BLOCKS = YES;
				GCC_OPTIMIZATION_LEVEL = 0;
				GCC_PREPROCESSOR_DEFINITIONS = (
					"DEBUG=1",
					"$(inherited)",
				);
				GCC_WARN_64_TO_32_BIT_CONVERSION = YES;
				GCC_WARN_ABOUT_RETURN_TYPE = YES_ERROR;
				GCC_WARN_UNDECLARED_SELECTOR = YES;
				GCC_WARN_UNINITIALIZED_AUTOS = YES_AGGRESSIVE;
				GCC_WARN_UNUSED_FUNCTION = YES;
				GCC_WARN_UNUSED_VARIABLE = YES;
				LOCALIZATION_PREFERS_STRING_CATALOGS = YES;
				MTL_ENABLE_DEBUG_INFO = INCLUDE_SOURCE;
				MTL_FAST_MATH = YES;
				ONLY_ACTIVE_ARCH = YES;
				SWIFT_ACTIVE_COMPILATION_CONDITIONS = "DEBUG $(inherited)";
				SWIFT_OPTIMIZATION_LEVEL = "-Onone";
			};
			name = Debug;
		};
		CE47AB062AF9547B00D9BD7E /* Release */ = {
			isa = XCBuildConfiguration;
			buildSettings = {
				ALWAYS_SEARCH_USER_PATHS = NO;
				ASSETCATALOG_COMPILER_GENERATE_SWIFT_ASSET_SYMBOL_EXTENSIONS = YES;
				CLANG_ANALYZER_NONNULL = YES;
				CLANG_ANALYZER_NUMBER_OBJECT_CONVERSION = YES_AGGRESSIVE;
				CLANG_CXX_LANGUAGE_STANDARD = "gnu++20";
				CLANG_ENABLE_MODULES = YES;
				CLANG_ENABLE_OBJC_ARC = YES;
				CLANG_ENABLE_OBJC_WEAK = YES;
				CLANG_WARN_BLOCK_CAPTURE_AUTORELEASING = YES;
				CLANG_WARN_BOOL_CONVERSION = YES;
				CLANG_WARN_COMMA = YES;
				CLANG_WARN_CONSTANT_CONVERSION = YES;
				CLANG_WARN_DEPRECATED_OBJC_IMPLEMENTATIONS = YES;
				CLANG_WARN_DIRECT_OBJC_ISA_USAGE = YES_ERROR;
				CLANG_WARN_DOCUMENTATION_COMMENTS = YES;
				CLANG_WARN_EMPTY_BODY = YES;
				CLANG_WARN_ENUM_CONVERSION = YES;
				CLANG_WARN_INFINITE_RECURSION = YES;
				CLANG_WARN_INT_CONVERSION = YES;
				CLANG_WARN_NON_LITERAL_NULL_CONVERSION = YES;
				CLANG_WARN_OBJC_IMPLICIT_RETAIN_SELF = YES;
				CLANG_WARN_OBJC_LITERAL_CONVERSION = YES;
				CLANG_WARN_OBJC_ROOT_CLASS = YES_ERROR;
				CLANG_WARN_QUOTED_INCLUDE_IN_FRAMEWORK_HEADER = YES;
				CLANG_WARN_RANGE_LOOP_ANALYSIS = YES;
				CLANG_WARN_STRICT_PROTOTYPES = YES;
				CLANG_WARN_SUSPICIOUS_MOVE = YES;
				CLANG_WARN_UNGUARDED_AVAILABILITY = YES_AGGRESSIVE;
				CLANG_WARN_UNREACHABLE_CODE = YES;
				CLANG_WARN__DUPLICATE_METHOD_MATCH = YES;
				COPY_PHASE_STRIP = NO;
				DEBUG_INFORMATION_FORMAT = "dwarf-with-dsym";
				ENABLE_NS_ASSERTIONS = NO;
				ENABLE_STRICT_OBJC_MSGSEND = YES;
				ENABLE_USER_SCRIPT_SANDBOXING = YES;
				GCC_C_LANGUAGE_STANDARD = gnu17;
				GCC_NO_COMMON_BLOCKS = YES;
				GCC_WARN_64_TO_32_BIT_CONVERSION = YES;
				GCC_WARN_ABOUT_RETURN_TYPE = YES_ERROR;
				GCC_WARN_UNDECLARED_SELECTOR = YES;
				GCC_WARN_UNINITIALIZED_AUTOS = YES_AGGRESSIVE;
				GCC_WARN_UNUSED_FUNCTION = YES;
				GCC_WARN_UNUSED_VARIABLE = YES;
				LOCALIZATION_PREFERS_STRING_CATALOGS = YES;
				MTL_ENABLE_DEBUG_INFO = NO;
				MTL_FAST_MATH = YES;
				SWIFT_COMPILATION_MODE = wholemodule;
			};
			name = Release;
		};
		CE47AB082AF9547B00D9BD7E /* Debug */ = {
			isa = XCBuildConfiguration;
			buildSettings = {
				ASSETCATALOG_COMPILER_APPICON_NAME = AppIcon;
				ASSETCATALOG_COMPILER_GLOBAL_ACCENT_COLOR_NAME = AccentColor;
				CODE_SIGN_ENTITLEMENTS = "SwiftUI-Bootcamp-2/SwiftUI_Bootcamp_2.entitlements";
				CODE_SIGN_STYLE = Automatic;
				CURRENT_PROJECT_VERSION = 1;
				DEVELOPMENT_ASSET_PATHS = "\"SwiftUI-Bootcamp-2/Preview Content\"";
				ENABLE_PREVIEWS = YES;
				GENERATE_INFOPLIST_FILE = YES;
				"INFOPLIST_KEY_UIApplicationSceneManifest_Generation[sdk=iphoneos*]" = YES;
				"INFOPLIST_KEY_UIApplicationSceneManifest_Generation[sdk=iphonesimulator*]" = YES;
				"INFOPLIST_KEY_UIApplicationSupportsIndirectInputEvents[sdk=iphoneos*]" = YES;
				"INFOPLIST_KEY_UIApplicationSupportsIndirectInputEvents[sdk=iphonesimulator*]" = YES;
				"INFOPLIST_KEY_UILaunchScreen_Generation[sdk=iphoneos*]" = YES;
				"INFOPLIST_KEY_UILaunchScreen_Generation[sdk=iphonesimulator*]" = YES;
				"INFOPLIST_KEY_UIStatusBarStyle[sdk=iphoneos*]" = UIStatusBarStyleDefault;
				"INFOPLIST_KEY_UIStatusBarStyle[sdk=iphonesimulator*]" = UIStatusBarStyleDefault;
				INFOPLIST_KEY_UISupportedInterfaceOrientations_iPad = "UIInterfaceOrientationPortrait UIInterfaceOrientationPortraitUpsideDown UIInterfaceOrientationLandscapeLeft UIInterfaceOrientationLandscapeRight";
				INFOPLIST_KEY_UISupportedInterfaceOrientations_iPhone = "UIInterfaceOrientationPortrait UIInterfaceOrientationLandscapeLeft UIInterfaceOrientationLandscapeRight";
				IPHONEOS_DEPLOYMENT_TARGET = 17.0;
				LD_RUNPATH_SEARCH_PATHS = "@executable_path/Frameworks";
				"LD_RUNPATH_SEARCH_PATHS[sdk=macosx*]" = "@executable_path/../Frameworks";
				MACOSX_DEPLOYMENT_TARGET = 14.0;
				MARKETING_VERSION = 1.0;
				PRODUCT_BUNDLE_IDENTIFIER = "co.SwiftUI-Bootcamp-2";
				PRODUCT_NAME = "$(TARGET_NAME)";
				SDKROOT = auto;
				SUPPORTED_PLATFORMS = "iphoneos iphonesimulator macosx";
				SWIFT_EMIT_LOC_STRINGS = YES;
				SWIFT_VERSION = 5.0;
				TARGETED_DEVICE_FAMILY = "1,2";
			};
			name = Debug;
		};
		CE47AB092AF9547B00D9BD7E /* Release */ = {
			isa = XCBuildConfiguration;
			buildSettings = {
				ASSETCATALOG_COMPILER_APPICON_NAME = AppIcon;
				ASSETCATALOG_COMPILER_GLOBAL_ACCENT_COLOR_NAME = AccentColor;
				CODE_SIGN_ENTITLEMENTS = "SwiftUI-Bootcamp-2/SwiftUI_Bootcamp_2.entitlements";
				CODE_SIGN_STYLE = Automatic;
				CURRENT_PROJECT_VERSION = 1;
				DEVELOPMENT_ASSET_PATHS = "\"SwiftUI-Bootcamp-2/Preview Content\"";
				ENABLE_PREVIEWS = YES;
				GENERATE_INFOPLIST_FILE = YES;
				"INFOPLIST_KEY_UIApplicationSceneManifest_Generation[sdk=iphoneos*]" = YES;
				"INFOPLIST_KEY_UIApplicationSceneManifest_Generation[sdk=iphonesimulator*]" = YES;
				"INFOPLIST_KEY_UIApplicationSupportsIndirectInputEvents[sdk=iphoneos*]" = YES;
				"INFOPLIST_KEY_UIApplicationSupportsIndirectInputEvents[sdk=iphonesimulator*]" = YES;
				"INFOPLIST_KEY_UILaunchScreen_Generation[sdk=iphoneos*]" = YES;
				"INFOPLIST_KEY_UILaunchScreen_Generation[sdk=iphonesimulator*]" = YES;
				"INFOPLIST_KEY_UIStatusBarStyle[sdk=iphoneos*]" = UIStatusBarStyleDefault;
				"INFOPLIST_KEY_UIStatusBarStyle[sdk=iphonesimulator*]" = UIStatusBarStyleDefault;
				INFOPLIST_KEY_UISupportedInterfaceOrientations_iPad = "UIInterfaceOrientationPortrait UIInterfaceOrientationPortraitUpsideDown UIInterfaceOrientationLandscapeLeft UIInterfaceOrientationLandscapeRight";
				INFOPLIST_KEY_UISupportedInterfaceOrientations_iPhone = "UIInterfaceOrientationPortrait UIInterfaceOrientationLandscapeLeft UIInterfaceOrientationLandscapeRight";
				IPHONEOS_DEPLOYMENT_TARGET = 17.0;
				LD_RUNPATH_SEARCH_PATHS = "@executable_path/Frameworks";
				"LD_RUNPATH_SEARCH_PATHS[sdk=macosx*]" = "@executable_path/../Frameworks";
				MACOSX_DEPLOYMENT_TARGET = 14.0;
				MARKETING_VERSION = 1.0;
				PRODUCT_BUNDLE_IDENTIFIER = "co.SwiftUI-Bootcamp-2";
				PRODUCT_NAME = "$(TARGET_NAME)";
				SDKROOT = auto;
				SUPPORTED_PLATFORMS = "iphoneos iphonesimulator macosx";
				SWIFT_EMIT_LOC_STRINGS = YES;
				SWIFT_VERSION = 5.0;
				TARGETED_DEVICE_FAMILY = "1,2";
			};
			name = Release;
		};
/* End XCBuildConfiguration section */

/* Begin XCConfigurationList section */
		CE47AAEE2AF9547A00D9BD7E /* Build configuration list for PBXProject "SwiftUI-Bootcamp-2" */ = {
			isa = XCConfigurationList;
			buildConfigurations = (
				CE47AB052AF9547B00D9BD7E /* Debug */,
				CE47AB062AF9547B00D9BD7E /* Release */,
			);
			defaultConfigurationIsVisible = 0;
			defaultConfigurationName = Release;
		};
		CE47AB072AF9547B00D9BD7E /* Build configuration list for PBXNativeTarget "SwiftUI-Bootcamp-2" */ = {
			isa = XCConfigurationList;
			buildConfigurations = (
				CE47AB082AF9547B00D9BD7E /* Debug */,
				CE47AB092AF9547B00D9BD7E /* Release */,
			);
			defaultConfigurationIsVisible = 0;
			defaultConfigurationName = Release;
		};
/* End XCConfigurationList section */

/* Begin XCVersionGroup section */
		CEA1C0C22B06A5100096900E /* DataModel.xcdatamodeld */ = {
			isa = XCVersionGroup;
			children = (
				CEA1C0C32B06A5100096900E /* DataModel.xcdatamodel */,
			);
			currentVersion = CEA1C0C32B06A5100096900E /* DataModel.xcdatamodel */;
			path = DataModel.xcdatamodeld;
			sourceTree = "<group>";
			versionGroupType = wrapper.xcdatamodel;
		};
		CEE7823D2B0D257500A60DE9 /* CoreDataRelationship.xcdatamodeld */ = {
			isa = XCVersionGroup;
			children = (
				CEE7823E2B0D257500A60DE9 /* CoreDataRelationship.xcdatamodel */,
			);
			currentVersion = CEE7823E2B0D257500A60DE9 /* CoreDataRelationship.xcdatamodel */;
			path = CoreDataRelationship.xcdatamodeld;
			sourceTree = "<group>";
			versionGroupType = wrapper.xcdatamodel;
		};
/* End XCVersionGroup section */
	};
	rootObject = CE47AAEB2AF9547A00D9BD7E /* Project object */;
}
